{
  "originHash" : "85d276e0dd9abe46016f66e4eafbb6042773dfaeb8a9ca279f86f31fd8cbe5d3",
  "pins" : [
    {
      "identity" : "jsondata",
      "kind" : "remoteSourceControl",
      "location" : "https://github.com/zxss702/JsonData.git",
      "state" : {
        "branch" : "main",
        "revision" : "7dacacba3b467acaa41f460d13e0819c40a39f82"
      }
    },
    {
      "identity" : "swift-syntax",
      "kind" : "remoteSourceControl",
      "location" : "https://github.com/swiftlang/swift-syntax.git",
      "state" : {
        "revision" : "79e4b74a295b6eb74a8b585e3a39d29e70c1dbd1",
        "version" : "603.0.2"
      }
    }
  ],
  "version" : 3
}