{
  "originHash" : "9021d40d1be698ea92a556f4388da581519ec87f34ce073af885dcbc5999ae2c",
  "pins" : [
    {
      "identity" : "grdb.swift",
      "kind" : "remoteSourceControl",
      "location" : "https://github.com/groue/GRDB.swift.git",
      "state" : {
        "revision" : "b83108d10f42680d78f23fe4d4d80fc88dab3212",
        "version" : "7.11.1"
      }
    },
    {
      "identity" : "jsondata",
      "kind" : "remoteSourceControl",
      "location" : "https://github.com/zxss702/JsonData.git",
      "state" : {
        "branch" : "main",
        "revision" : "5c50e8e3a633b9f82fa0c6d3dd840945d55a81d4"
      }
    },
    {
      "identity" : "swift-syntax",
      "kind" : "remoteSourceControl",
      "location" : "https://github.com/swiftlang/swift-syntax.git",
      "state" : {
        "revision" : "79e4b74a295b6eb74a8b585e3a39d29e70c1dbd1",
        "version" : "603.0.2"
      }
    }
  ],
  "version" : 3
}
