{
  "originHash" : "f8810f95cee06660af0250452c66058a41b6c5480df62d32f0137711ad76bebb",
  "pins" : [
    {
      "identity" : "jsondata",
      "kind" : "remoteSourceControl",
      "location" : "https://github.com/zxss702/JsonData.git",
      "state" : {
        "branch" : "main",
        "revision" : "7dacacba3b467acaa41f460d13e0819c40a39f82"
      }
    },
    {
      "identity" : "swift-syntax",
      "kind" : "remoteSourceControl",
      "location" : "https://github.com/swiftlang/swift-syntax.git",
      "state" : {
        "revision" : "79e4b74a295b6eb74a8b585e3a39d29e70c1dbd1",
        "version" : "603.0.2"
      }
    }
  ],
  "version" : 3
}
